
Microsoft Visual Studio Solution File, Format Version 12.00
Project("{2150E333-8FDC-42A3-9474-1A3956D46DE8}") = "src", "src", "{ED02E9BF-73DD-4110-8B5A-D1F36888FC51}"
EndProject
Project("{2150E333-8FDC-42A3-9474-1A3956D46DE8}") = "tests", "tests", "{D3291A34-402C-4225-8C02-8E9F6F15119E}"
EndProject
Project("{2150E333-8FDC-42A3-9474-1A3956D46DE8}") = "docker", "docker", "{A02B2115-3849-45FB-B1DA-732F720F3EAD}"
	ProjectSection(SolutionItems) = preProject
		.dockerignore = .dockerignore
		Dockerfile = Dockerfile
	EndProjectSection
EndProject
Project("{FAE04EC0-301F-11D3-BF4B-00C04F79EFBC}") = "SignalRHubApp", "SignalRHubApp\SignalRHubApp.csproj", "{F0C90F2D-3BDC-41CC-80E1-6250378F49E1}"
EndProject
Global
	GlobalSection(SolutionConfigurationPlatforms) = preSolution
		Debug|Any CPU = Debug|Any CPU
		Release|Any CPU = Release|Any CPU
	EndGlobalSection
	GlobalSection(ProjectConfigurationPlatforms) = postSolution
		{F0C90F2D-3BDC-41CC-80E1-6250378F49E1}.Debug|Any CPU.ActiveCfg = Debug|Any CPU
		{F0C90F2D-3BDC-41CC-80E1-6250378F49E1}.Debug|Any CPU.Build.0 = Debug|Any CPU
		{F0C90F2D-3BDC-41CC-80E1-6250378F49E1}.Release|Any CPU.ActiveCfg = Release|Any CPU
		{F0C90F2D-3BDC-41CC-80E1-6250378F49E1}.Release|Any CPU.Build.0 = Release|Any CPU
	EndGlobalSection
	GlobalSection(NestedProjects) = preSolution
		{F0C90F2D-3BDC-41CC-80E1-6250378F49E1} = {ED02E9BF-73DD-4110-8B5A-D1F36888FC51}
	EndGlobalSection
EndGlobal
