
Microsoft Visual Studio Solution File, Format Version 12.00
Project("{2150E333-8FDC-42A3-9474-1A3956D46DE8}") = "docker", "docker", "{FC756A85-56B9-4EB1-83EE-3AC126023B16}"
	ProjectSection(SolutionItems) = preProject
		Dockerfile = Dockerfile
		.dockerignore = .dockerignore
	EndProjectSection
EndProject
Project("{2150E333-8FDC-42A3-9474-1A3956D46DE8}") = "src", "src", "{AF2D3A44-B6B6-4889-8380-E9AC0B881B28}"
EndProject
Project("{FAE04EC0-301F-11D3-BF4B-00C04F79EFBC}") = "StockConsumer", "src\Console.App\StockConsumer.csproj", "{D0DC5D9E-8E08-4B12-886C-3D9EFE241DC4}"
EndProject
Global
	GlobalSection(SolutionConfigurationPlatforms) = preSolution
		Debug|Any CPU = Debug|Any CPU
		Release|Any CPU = Release|Any CPU
	EndGlobalSection
	GlobalSection(ProjectConfigurationPlatforms) = postSolution
		{D0DC5D9E-8E08-4B12-886C-3D9EFE241DC4}.Debug|Any CPU.ActiveCfg = Debug|Any CPU
		{D0DC5D9E-8E08-4B12-886C-3D9EFE241DC4}.Debug|Any CPU.Build.0 = Debug|Any CPU
		{D0DC5D9E-8E08-4B12-886C-3D9EFE241DC4}.Release|Any CPU.ActiveCfg = Release|Any CPU
		{D0DC5D9E-8E08-4B12-886C-3D9EFE241DC4}.Release|Any CPU.Build.0 = Release|Any CPU
	EndGlobalSection
	GlobalSection(NestedProjects) = preSolution
		{D0DC5D9E-8E08-4B12-886C-3D9EFE241DC4} = {AF2D3A44-B6B6-4889-8380-E9AC0B881B28}
	EndGlobalSection
EndGlobal
